
Microsoft Visual Studio Solution File, Format Version 12.00
# Visual Studio Version 16
VisualStudioVersion = 16.0.30717.126
MinimumVisualStudioVersion = 10.0.40219.1
Project("{8BC9CEB8-8B4A-11D0-8D11-00A0C91BC942}") = "OpenVINOMyriad", "OpenVINOMyriad.vcxproj", "{C997FA1A-3048-4364-A650-08FB521518D6}"
EndProject
Global
	GlobalSection(SolutionConfigurationPlatforms) = preSolution
		Debug|x64 = Debug|x64
		Release|x64 = Release|x64
	EndGlobalSection
	GlobalSection(ProjectConfigurationPlatforms) = postSolution
		{C997FA1A-3048-4364-A650-08FB521518D6}.Debug|x64.ActiveCfg = Debug|x64
		{C997FA1A-3048-4364-A650-08FB521518D6}.Debug|x64.Build.0 = Debug|x64
		{C997FA1A-3048-4364-A650-08FB521518D6}.Release|x64.ActiveCfg = Release|x64
		{C997FA1A-3048-4364-A650-08FB521518D6}.Release|x64.Build.0 = Release|x64
	EndGlobalSection
	GlobalSection(SolutionProperties) = preSolution
		HideSolutionNode = FALSE
	EndGlobalSection
	GlobalSection(ExtensibilityGlobals) = postSolution
		SolutionGuid = {3A3C31E0-06CE-4773-B16C-68AB5D85E747}
	EndGlobalSection
EndGlobal
